
Microsoft Visual Studio Solution File, Format Version 12.00
# Visual Studio 2013
VisualStudioVersion = 12.0.21005.1
MinimumVisualStudioVersion = 10.0.40219.1
Project("{FAE04EC0-301F-11D3-BF4B-00C04F79EFBC}") = "Raven.Database", "ravendb\Raven.Database\Raven.Database.csproj", "{212823CD-25E1-41AC-92D1-D6DF4D53FC85}"
EndProject
Project("{FAE04EC0-301F-11D3-BF4B-00C04F79EFBC}") = "Raven.Client.Lightweight", "ravendb\Raven.Client.Lightweight\Raven.Client.Lightweight.csproj", "{4E087ECB-E7CA-4891-AC3C-3C76702715B6}"
EndProject
Project("{FAE04EC0-301F-11D3-BF4B-00C04F79EFBC}") = "Raven.Abstractions", "ravendb\Raven.Abstractions\Raven.Abstractions.csproj", "{41AC479E-1EB2-4D23-AAF2-E4C8DF1BC2BA}"
EndProject
Project("{2150E333-8FDC-42A3-9474-1A3956D46DE8}") = ".nuget", ".nuget", "{561AA2B3-B289-43D7-AF86-2DEEC2ECCD66}"
	ProjectSection(SolutionItems) = preProject
		.nuget\NuGet.Config = .nuget\NuGet.Config
		.nuget\NuGet.exe = .nuget\NuGet.exe
		.nuget\NuGet.targets = .nuget\NuGet.targets
		.nuget\packages.config = .nuget\packages.config
	EndProjectSection
EndProject
Project("{2150E333-8FDC-42A3-9474-1A3956D46DE8}") = "Voron", "Voron", "{B67A7937-6AE0-452B-824A-491E19E1710D}"
EndProject
Project("{FAE04EC0-301F-11D3-BF4B-00C04F79EFBC}") = "Voron", "ravendb\Raven.Voron\Voron\Voron.csproj", "{FF83C7C2-BC7B-4DCC-A782-49EF9BBD9390}"
EndProject
Global
	GlobalSection(SolutionConfigurationPlatforms) = preSolution
		Azure-Debug|Any CPU = Azure-Debug|Any CPU
		Azure-Debug|ARM = Azure-Debug|ARM
		Azure-Debug|Mixed Platforms = Azure-Debug|Mixed Platforms
		Azure-Debug|x64 = Azure-Debug|x64
		Azure-Debug|x86 = Azure-Debug|x86
		Azure-Deployment|Any CPU = Azure-Deployment|Any CPU
		Azure-Deployment|ARM = Azure-Deployment|ARM
		Azure-Deployment|Mixed Platforms = Azure-Deployment|Mixed Platforms
		Azure-Deployment|x64 = Azure-Deployment|x64
		Azure-Deployment|x86 = Azure-Deployment|x86
		Azure-Release|Any CPU = Azure-Release|Any CPU
		Azure-Release|ARM = Azure-Release|ARM
		Azure-Release|Mixed Platforms = Azure-Release|Mixed Platforms
		Azure-Release|x64 = Azure-Release|x64
		Azure-Release|x86 = Azure-Release|x86
		Debug|Any CPU = Debug|Any CPU
		Debug|ARM = Debug|ARM
		Debug|Mixed Platforms = Debug|Mixed Platforms
		Debug|x64 = Debug|x64
		Debug|x86 = Debug|x86
		Local-Debug|Any CPU = Local-Debug|Any CPU
		Local-Debug|ARM = Local-Debug|ARM
		Local-Debug|Mixed Platforms = Local-Debug|Mixed Platforms
		Local-Debug|x64 = Local-Debug|x64
		Local-Debug|x86 = Local-Debug|x86
		Local-Performance|Any CPU = Local-Performance|Any CPU
		Local-Performance|ARM = Local-Performance|ARM
		Local-Performance|Mixed Platforms = Local-Performance|Mixed Platforms
		Local-Performance|x64 = Local-Performance|x64
		Local-Performance|x86 = Local-Performance|x86
		Local-Release|Any CPU = Local-Release|Any CPU
		Local-Release|ARM = Local-Release|ARM
		Local-Release|Mixed Platforms = Local-Release|Mixed Platforms
		Local-Release|x64 = Local-Release|x64
		Local-Release|x86 = Local-Release|x86
		Mono|Any CPU = Mono|Any CPU
		Mono|ARM = Mono|ARM
		Mono|Mixed Platforms = Mono|Mixed Platforms
		Mono|x64 = Mono|x64
		Mono|x86 = Mono|x86
		net_2_0_Debug|Any CPU = net_2_0_Debug|Any CPU
		net_2_0_Debug|ARM = net_2_0_Debug|ARM
		net_2_0_Debug|Mixed Platforms = net_2_0_Debug|Mixed Platforms
		net_2_0_Debug|x64 = net_2_0_Debug|x64
		net_2_0_Debug|x86 = net_2_0_Debug|x86
		net_2_0_Release|Any CPU = net_2_0_Release|Any CPU
		net_2_0_Release|ARM = net_2_0_Release|ARM
		net_2_0_Release|Mixed Platforms = net_2_0_Release|Mixed Platforms
		net_2_0_Release|x64 = net_2_0_Release|x64
		net_2_0_Release|x86 = net_2_0_Release|x86
		net_3_5_Debug|Any CPU = net_3_5_Debug|Any CPU
		net_3_5_Debug|ARM = net_3_5_Debug|ARM
		net_3_5_Debug|Mixed Platforms = net_3_5_Debug|Mixed Platforms
		net_3_5_Debug|x64 = net_3_5_Debug|x64
		net_3_5_Debug|x86 = net_3_5_Debug|x86
		net_3_5_Release|Any CPU = net_3_5_Release|Any CPU
		net_3_5_Release|ARM = net_3_5_Release|ARM
		net_3_5_Release|Mixed Platforms = net_3_5_Release|Mixed Platforms
		net_3_5_Release|x64 = net_3_5_Release|x64
		net_3_5_Release|x86 = net_3_5_Release|x86
		net_4_0_Debug|Any CPU = net_4_0_Debug|Any CPU
		net_4_0_Debug|ARM = net_4_0_Debug|ARM
		net_4_0_Debug|Mixed Platforms = net_4_0_Debug|Mixed Platforms
		net_4_0_Debug|x64 = net_4_0_Debug|x64
		net_4_0_Debug|x86 = net_4_0_Debug|x86
		net_4_0_Release|Any CPU = net_4_0_Release|Any CPU
		net_4_0_Release|ARM = net_4_0_Release|ARM
		net_4_0_Release|Mixed Platforms = net_4_0_Release|Mixed Platforms
		net_4_0_Release|x64 = net_4_0_Release|x64
		net_4_0_Release|x86 = net_4_0_Release|x86
		net_4_5_Debug|Any CPU = net_4_5_Debug|Any CPU
		net_4_5_Debug|ARM = net_4_5_Debug|ARM
		net_4_5_Debug|Mixed Platforms = net_4_5_Debug|Mixed Platforms
		net_4_5_Debug|x64 = net_4_5_Debug|x64
		net_4_5_Debug|x86 = net_4_5_Debug|x86
		net_4_5_Release|Any CPU = net_4_5_Release|Any CPU
		net_4_5_Release|ARM = net_4_5_Release|ARM
		net_4_5_Release|Mixed Platforms = net_4_5_Release|Mixed Platforms
		net_4_5_Release|x64 = net_4_5_Release|x64
		net_4_5_Release|x86 = net_4_5_Release|x86
		Production|Any CPU = Production|Any CPU
		Production|ARM = Production|ARM
		Production|Mixed Platforms = Production|Mixed Platforms
		Production|x64 = Production|x64
		Production|x86 = Production|x86
		Profiling|Any CPU = Profiling|Any CPU
		Profiling|ARM = Profiling|ARM
		Profiling|Mixed Platforms = Profiling|Mixed Platforms
		Profiling|x64 = Profiling|x64
		Profiling|x86 = Profiling|x86
		Release|Any CPU = Release|Any CPU
		Release|ARM = Release|ARM
		Release|Mixed Platforms = Release|Mixed Platforms
		Release|x64 = Release|x64
		Release|x86 = Release|x86
		silverlight_Debug|Any CPU = silverlight_Debug|Any CPU
		silverlight_Debug|ARM = silverlight_Debug|ARM
		silverlight_Debug|Mixed Platforms = silverlight_Debug|Mixed Platforms
		silverlight_Debug|x64 = silverlight_Debug|x64
		silverlight_Debug|x86 = silverlight_Debug|x86
		silverlight_Release|Any CPU = silverlight_Release|Any CPU
		silverlight_Release|ARM = silverlight_Release|ARM
		silverlight_Release|Mixed Platforms = silverlight_Release|Mixed Platforms
		silverlight_Release|x64 = silverlight_Release|x64
		silverlight_Release|x86 = silverlight_Release|x86
		Staging|Any CPU = Staging|Any CPU
		Staging|ARM = Staging|ARM
		Staging|Mixed Platforms = Staging|Mixed Platforms
		Staging|x64 = Staging|x64
		Staging|x86 = Staging|x86
		winphone_Debug|Any CPU = winphone_Debug|Any CPU
		winphone_Debug|ARM = winphone_Debug|ARM
		winphone_Debug|Mixed Platforms = winphone_Debug|Mixed Platforms
		winphone_Debug|x64 = winphone_Debug|x64
		winphone_Debug|x86 = winphone_Debug|x86
		winphone_Release|Any CPU = winphone_Release|Any CPU
		winphone_Release|ARM = winphone_Release|ARM
		winphone_Release|Mixed Platforms = winphone_Release|Mixed Platforms
		winphone_Release|x64 = winphone_Release|x64
		winphone_Release|x86 = winphone_Release|x86
	EndGlobalSection
	GlobalSection(ProjectConfigurationPlatforms) = postSolution
		{212823CD-25E1-41AC-92D1-D6DF4D53FC85}.Azure-Debug|Any CPU.ActiveCfg = Debug|Any CPU
		{212823CD-25E1-41AC-92D1-D6DF4D53FC85}.Azure-Debug|ARM.ActiveCfg = Debug|Any CPU
		{212823CD-25E1-41AC-92D1-D6DF4D53FC85}.Azure-Debug|Mixed Platforms.ActiveCfg = Debug|Any CPU
		{212823CD-25E1-41AC-92D1-D6DF4D53FC85}.Azure-Debug|x64.ActiveCfg = Debug|Any CPU
		{212823CD-25E1-41AC-92D1-D6DF4D53FC85}.Azure-Debug|x86.ActiveCfg = Debug|Any CPU
		{212823CD-25E1-41AC-92D1-D6DF4D53FC85}.Azure-Deployment|Any CPU.ActiveCfg = Profiling|Any CPU
		{212823CD-25E1-41AC-92D1-D6DF4D53FC85}.Azure-Deployment|ARM.ActiveCfg = Profiling|Any CPU
		{212823CD-25E1-41AC-92D1-D6DF4D53FC85}.Azure-Deployment|Mixed Platforms.ActiveCfg = Profiling|Any CPU
		{212823CD-25E1-41AC-92D1-D6DF4D53FC85}.Azure-Deployment|x64.ActiveCfg = Profiling|Any CPU
		{212823CD-25E1-41AC-92D1-D6DF4D53FC85}.Azure-Deployment|x86.ActiveCfg = Profiling|Any CPU
		{212823CD-25E1-41AC-92D1-D6DF4D53FC85}.Azure-Release|Any CPU.ActiveCfg = Release|Any CPU
		{212823CD-25E1-41AC-92D1-D6DF4D53FC85}.Azure-Release|ARM.ActiveCfg = Release|Any CPU
		{212823CD-25E1-41AC-92D1-D6DF4D53FC85}.Azure-Release|Mixed Platforms.ActiveCfg = Release|Any CPU
		{212823CD-25E1-41AC-92D1-D6DF4D53FC85}.Azure-Release|x64.ActiveCfg = Release|Any CPU
		{212823CD-25E1-41AC-92D1-D6DF4D53FC85}.Azure-Release|x86.ActiveCfg = Release|Any CPU
		{212823CD-25E1-41AC-92D1-D6DF4D53FC85}.Debug|Any CPU.ActiveCfg = Debug|Any CPU
		{212823CD-25E1-41AC-92D1-D6DF4D53FC85}.Debug|Any CPU.Build.0 = Debug|Any CPU
		{212823CD-25E1-41AC-92D1-D6DF4D53FC85}.Debug|ARM.ActiveCfg = Debug|Any CPU
		{212823CD-25E1-41AC-92D1-D6DF4D53FC85}.Debug|Mixed Platforms.ActiveCfg = Debug|Any CPU
		{212823CD-25E1-41AC-92D1-D6DF4D53FC85}.Debug|Mixed Platforms.Build.0 = Debug|Any CPU
		{212823CD-25E1-41AC-92D1-D6DF4D53FC85}.Debug|x64.ActiveCfg = Debug|Any CPU
		{212823CD-25E1-41AC-92D1-D6DF4D53FC85}.Debug|x86.ActiveCfg = Debug|Any CPU
		{212823CD-25E1-41AC-92D1-D6DF4D53FC85}.Local-Debug|Any CPU.ActiveCfg = Debug|Any CPU
		{212823CD-25E1-41AC-92D1-D6DF4D53FC85}.Local-Debug|ARM.ActiveCfg = Debug|Any CPU
		{212823CD-25E1-41AC-92D1-D6DF4D53FC85}.Local-Debug|Mixed Platforms.ActiveCfg = Debug|Any CPU
		{212823CD-25E1-41AC-92D1-D6DF4D53FC85}.Local-Debug|x64.ActiveCfg = Debug|Any CPU
		{212823CD-25E1-41AC-92D1-D6DF4D53FC85}.Local-Debug|x86.ActiveCfg = Debug|Any CPU
		{212823CD-25E1-41AC-92D1-D6DF4D53FC85}.Local-Performance|Any CPU.ActiveCfg = Profiling|Any CPU
		{212823CD-25E1-41AC-92D1-D6DF4D53FC85}.Local-Performance|ARM.ActiveCfg = Profiling|Any CPU
		{212823CD-25E1-41AC-92D1-D6DF4D53FC85}.Local-Performance|Mixed Platforms.ActiveCfg = Profiling|Any CPU
		{212823CD-25E1-41AC-92D1-D6DF4D53FC85}.Local-Performance|x64.ActiveCfg = Profiling|Any CPU
		{212823CD-25E1-41AC-92D1-D6DF4D53FC85}.Local-Performance|x86.ActiveCfg = Profiling|Any CPU
		{212823CD-25E1-41AC-92D1-D6DF4D53FC85}.Local-Release|Any CPU.ActiveCfg = Release|Any CPU
		{212823CD-25E1-41AC-92D1-D6DF4D53FC85}.Local-Release|ARM.ActiveCfg = Release|Any CPU
		{212823CD-25E1-41AC-92D1-D6DF4D53FC85}.Local-Release|Mixed Platforms.ActiveCfg = Release|Any CPU
		{212823CD-25E1-41AC-92D1-D6DF4D53FC85}.Local-Release|x64.ActiveCfg = Release|Any CPU
		{212823CD-25E1-41AC-92D1-D6DF4D53FC85}.Local-Release|x86.ActiveCfg = Release|Any CPU
		{212823CD-25E1-41AC-92D1-D6DF4D53FC85}.Mono|Any CPU.ActiveCfg = Profiling|Any CPU
		{212823CD-25E1-41AC-92D1-D6DF4D53FC85}.Mono|ARM.ActiveCfg = Profiling|Any CPU
		{212823CD-25E1-41AC-92D1-D6DF4D53FC85}.Mono|Mixed Platforms.ActiveCfg = Profiling|Any CPU
		{212823CD-25E1-41AC-92D1-D6DF4D53FC85}.Mono|x64.ActiveCfg = Profiling|Any CPU
		{212823CD-25E1-41AC-92D1-D6DF4D53FC85}.Mono|x86.ActiveCfg = Profiling|Any CPU
		{212823CD-25E1-41AC-92D1-D6DF4D53FC85}.net_2_0_Debug|Any CPU.ActiveCfg = Debug|Any CPU
		{212823CD-25E1-41AC-92D1-D6DF4D53FC85}.net_2_0_Debug|Any CPU.Build.0 = Debug|Any CPU
		{212823CD-25E1-41AC-92D1-D6DF4D53FC85}.net_2_0_Debug|ARM.ActiveCfg = Debug|Any CPU
		{212823CD-25E1-41AC-92D1-D6DF4D53FC85}.net_2_0_Debug|Mixed Platforms.ActiveCfg = Debug|Any CPU
		{212823CD-25E1-41AC-92D1-D6DF4D53FC85}.net_2_0_Debug|Mixed Platforms.Build.0 = Debug|Any CPU
		{212823CD-25E1-41AC-92D1-D6DF4D53FC85}.net_2_0_Debug|x64.ActiveCfg = Debug|Any CPU
		{212823CD-25E1-41AC-92D1-D6DF4D53FC85}.net_2_0_Debug|x86.ActiveCfg = Debug|Any CPU
		{212823CD-25E1-41AC-92D1-D6DF4D53FC85}.net_2_0_Release|Any CPU.ActiveCfg = Release|Any CPU
		{212823CD-25E1-41AC-92D1-D6DF4D53FC85}.net_2_0_Release|Any CPU.Build.0 = Release|Any CPU
		{212823CD-25E1-41AC-92D1-D6DF4D53FC85}.net_2_0_Release|ARM.ActiveCfg = Release|Any CPU
		{212823CD-25E1-41AC-92D1-D6DF4D53FC85}.net_2_0_Release|Mixed Platforms.ActiveCfg = Release|Any CPU
		{212823CD-25E1-41AC-92D1-D6DF4D53FC85}.net_2_0_Release|Mixed Platforms.Build.0 = Release|Any CPU
		{212823CD-25E1-41AC-92D1-D6DF4D53FC85}.net_2_0_Release|x64.ActiveCfg = Release|Any CPU
		{212823CD-25E1-41AC-92D1-D6DF4D53FC85}.net_2_0_Release|x86.ActiveCfg = Release|Any CPU
		{212823CD-25E1-41AC-92D1-D6DF4D53FC85}.net_3_5_Debug|Any CPU.ActiveCfg = Debug|Any CPU
		{212823CD-25E1-41AC-92D1-D6DF4D53FC85}.net_3_5_Debug|Any CPU.Build.0 = Debug|Any CPU
		{212823CD-25E1-41AC-92D1-D6DF4D53FC85}.net_3_5_Debug|ARM.ActiveCfg = Debug|Any CPU
		{212823CD-25E1-41AC-92D1-D6DF4D53FC85}.net_3_5_Debug|Mixed Platforms.ActiveCfg = Debug|Any CPU
		{212823CD-25E1-41AC-92D1-D6DF4D53FC85}.net_3_5_Debug|Mixed Platforms.Build.0 = Debug|Any CPU
		{212823CD-25E1-41AC-92D1-D6DF4D53FC85}.net_3_5_Debug|x64.ActiveCfg = Debug|Any CPU
		{212823CD-25E1-41AC-92D1-D6DF4D53FC85}.net_3_5_Debug|x86.ActiveCfg = Debug|Any CPU
		{212823CD-25E1-41AC-92D1-D6DF4D53FC85}.net_3_5_Release|Any CPU.ActiveCfg = Release|Any CPU
		{212823CD-25E1-41AC-92D1-D6DF4D53FC85}.net_3_5_Release|Any CPU.Build.0 = Release|Any CPU
		{212823CD-25E1-41AC-92D1-D6DF4D53FC85}.net_3_5_Release|ARM.ActiveCfg = Release|Any CPU
		{212823CD-25E1-41AC-92D1-D6DF4D53FC85}.net_3_5_Release|Mixed Platforms.ActiveCfg = Release|Any CPU
		{212823CD-25E1-41AC-92D1-D6DF4D53FC85}.net_3_5_Release|Mixed Platforms.Build.0 = Release|Any CPU
		{212823CD-25E1-41AC-92D1-D6DF4D53FC85}.net_3_5_Release|x64.ActiveCfg = Release|Any CPU
		{212823CD-25E1-41AC-92D1-D6DF4D53FC85}.net_3_5_Release|x86.ActiveCfg = Release|Any CPU
		{212823CD-25E1-41AC-92D1-D6DF4D53FC85}.net_4_0_Debug|Any CPU.ActiveCfg = Debug|Any CPU
		{212823CD-25E1-41AC-92D1-D6DF4D53FC85}.net_4_0_Debug|Any CPU.Build.0 = Debug|Any CPU
		{212823CD-25E1-41AC-92D1-D6DF4D53FC85}.net_4_0_Debug|ARM.ActiveCfg = Debug|Any CPU
		{212823CD-25E1-41AC-92D1-D6DF4D53FC85}.net_4_0_Debug|Mixed Platforms.ActiveCfg = Debug|Any CPU
		{212823CD-25E1-41AC-92D1-D6DF4D53FC85}.net_4_0_Debug|Mixed Platforms.Build.0 = Debug|Any CPU
		{212823CD-25E1-41AC-92D1-D6DF4D53FC85}.net_4_0_Debug|x64.ActiveCfg = Debug|Any CPU
		{212823CD-25E1-41AC-92D1-D6DF4D53FC85}.net_4_0_Debug|x86.ActiveCfg = Debug|Any CPU
		{212823CD-25E1-41AC-92D1-D6DF4D53FC85}.net_4_0_Release|Any CPU.ActiveCfg = Release|Any CPU
		{212823CD-25E1-41AC-92D1-D6DF4D53FC85}.net_4_0_Release|Any CPU.Build.0 = Release|Any CPU
		{212823CD-25E1-41AC-92D1-D6DF4D53FC85}.net_4_0_Release|ARM.ActiveCfg = Release|Any CPU
		{212823CD-25E1-41AC-92D1-D6DF4D53FC85}.net_4_0_Release|Mixed Platforms.ActiveCfg = Release|Any CPU
		{212823CD-25E1-41AC-92D1-D6DF4D53FC85}.net_4_0_Release|Mixed Platforms.Build.0 = Release|Any CPU
		{212823CD-25E1-41AC-92D1-D6DF4D53FC85}.net_4_0_Release|x64.ActiveCfg = Release|Any CPU
		{212823CD-25E1-41AC-92D1-D6DF4D53FC85}.net_4_0_Release|x86.ActiveCfg = Release|Any CPU
		{212823CD-25E1-41AC-92D1-D6DF4D53FC85}.net_4_5_Debug|Any CPU.ActiveCfg = Debug|Any CPU
		{212823CD-25E1-41AC-92D1-D6DF4D53FC85}.net_4_5_Debug|Any CPU.Build.0 = Debug|Any CPU
		{212823CD-25E1-41AC-92D1-D6DF4D53FC85}.net_4_5_Debug|ARM.ActiveCfg = Debug|Any CPU
		{212823CD-25E1-41AC-92D1-D6DF4D53FC85}.net_4_5_Debug|Mixed Platforms.ActiveCfg = Debug|Any CPU
		{212823CD-25E1-41AC-92D1-D6DF4D53FC85}.net_4_5_Debug|Mixed Platforms.Build.0 = Debug|Any CPU
		{212823CD-25E1-41AC-92D1-D6DF4D53FC85}.net_4_5_Debug|x64.ActiveCfg = Debug|Any CPU
		{212823CD-25E1-41AC-92D1-D6DF4D53FC85}.net_4_5_Debug|x86.ActiveCfg = Debug|Any CPU
		{212823CD-25E1-41AC-92D1-D6DF4D53FC85}.net_4_5_Release|Any CPU.ActiveCfg = Release|Any CPU
		{212823CD-25E1-41AC-92D1-D6DF4D53FC85}.net_4_5_Release|Any CPU.Build.0 = Release|Any CPU
		{212823CD-25E1-41AC-92D1-D6DF4D53FC85}.net_4_5_Release|ARM.ActiveCfg = Release|Any CPU
		{212823CD-25E1-41AC-92D1-D6DF4D53FC85}.net_4_5_Release|Mixed Platforms.ActiveCfg = Release|Any CPU
		{212823CD-25E1-41AC-92D1-D6DF4D53FC85}.net_4_5_Release|Mixed Platforms.Build.0 = Release|Any CPU
		{212823CD-25E1-41AC-92D1-D6DF4D53FC85}.net_4_5_Release|x64.ActiveCfg = Release|Any CPU
		{212823CD-25E1-41AC-92D1-D6DF4D53FC85}.net_4_5_Release|x86.ActiveCfg = Release|Any CPU
		{212823CD-25E1-41AC-92D1-D6DF4D53FC85}.Production|Any CPU.ActiveCfg = Profiling|Any CPU
		{212823CD-25E1-41AC-92D1-D6DF4D53FC85}.Production|ARM.ActiveCfg = Profiling|Any CPU
		{212823CD-25E1-41AC-92D1-D6DF4D53FC85}.Production|Mixed Platforms.ActiveCfg = Profiling|Any CPU
		{212823CD-25E1-41AC-92D1-D6DF4D53FC85}.Production|x64.ActiveCfg = Profiling|Any CPU
		{212823CD-25E1-41AC-92D1-D6DF4D53FC85}.Production|x86.ActiveCfg = Profiling|Any CPU
		{212823CD-25E1-41AC-92D1-D6DF4D53FC85}.Profiling|Any CPU.ActiveCfg = Profiling|Any CPU
		{212823CD-25E1-41AC-92D1-D6DF4D53FC85}.Profiling|Any CPU.Build.0 = Profiling|Any CPU
		{212823CD-25E1-41AC-92D1-D6DF4D53FC85}.Profiling|ARM.ActiveCfg = Profiling|Any CPU
		{212823CD-25E1-41AC-92D1-D6DF4D53FC85}.Profiling|Mixed Platforms.ActiveCfg = Profiling|Any CPU
		{212823CD-25E1-41AC-92D1-D6DF4D53FC85}.Profiling|Mixed Platforms.Build.0 = Profiling|Any CPU
		{212823CD-25E1-41AC-92D1-D6DF4D53FC85}.Profiling|x64.ActiveCfg = Profiling|Any CPU
		{212823CD-25E1-41AC-92D1-D6DF4D53FC85}.Profiling|x86.ActiveCfg = Profiling|Any CPU
		{212823CD-25E1-41AC-92D1-D6DF4D53FC85}.Release|Any CPU.ActiveCfg = Release|Any CPU
		{212823CD-25E1-41AC-92D1-D6DF4D53FC85}.Release|Any CPU.Build.0 = Release|Any CPU
		{212823CD-25E1-41AC-92D1-D6DF4D53FC85}.Release|ARM.ActiveCfg = Release|Any CPU
		{212823CD-25E1-41AC-92D1-D6DF4D53FC85}.Release|Mixed Platforms.ActiveCfg = Release|Any CPU
		{212823CD-25E1-41AC-92D1-D6DF4D53FC85}.Release|Mixed Platforms.Build.0 = Release|Any CPU
		{212823CD-25E1-41AC-92D1-D6DF4D53FC85}.Release|x64.ActiveCfg = Release|Any CPU
		{212823CD-25E1-41AC-92D1-D6DF4D53FC85}.Release|x86.ActiveCfg = Release|Any CPU
		{212823CD-25E1-41AC-92D1-D6DF4D53FC85}.silverlight_Debug|Any CPU.ActiveCfg = Debug|Any CPU
		{212823CD-25E1-41AC-92D1-D6DF4D53FC85}.silverlight_Debug|Any CPU.Build.0 = Debug|Any CPU
		{212823CD-25E1-41AC-92D1-D6DF4D53FC85}.silverlight_Debug|ARM.ActiveCfg = Debug|Any CPU
		{212823CD-25E1-41AC-92D1-D6DF4D53FC85}.silverlight_Debug|Mixed Platforms.ActiveCfg = Debug|Any CPU
		{212823CD-25E1-41AC-92D1-D6DF4D53FC85}.silverlight_Debug|Mixed Platforms.Build.0 = Debug|Any CPU
		{212823CD-25E1-41AC-92D1-D6DF4D53FC85}.silverlight_Debug|x64.ActiveCfg = Debug|Any CPU
		{212823CD-25E1-41AC-92D1-D6DF4D53FC85}.silverlight_Debug|x86.ActiveCfg = Debug|Any CPU
		{212823CD-25E1-41AC-92D1-D6DF4D53FC85}.silverlight_Release|Any CPU.ActiveCfg = Release|Any CPU
		{212823CD-25E1-41AC-92D1-D6DF4D53FC85}.silverlight_Release|Any CPU.Build.0 = Release|Any CPU
		{212823CD-25E1-41AC-92D1-D6DF4D53FC85}.silverlight_Release|ARM.ActiveCfg = Release|Any CPU
		{212823CD-25E1-41AC-92D1-D6DF4D53FC85}.silverlight_Release|Mixed Platforms.ActiveCfg = Release|Any CPU
		{212823CD-25E1-41AC-92D1-D6DF4D53FC85}.silverlight_Release|Mixed Platforms.Build.0 = Release|Any CPU
		{212823CD-25E1-41AC-92D1-D6DF4D53FC85}.silverlight_Release|x64.ActiveCfg = Release|Any CPU
		{212823CD-25E1-41AC-92D1-D6DF4D53FC85}.silverlight_Release|x86.ActiveCfg = Release|Any CPU
		{212823CD-25E1-41AC-92D1-D6DF4D53FC85}.Staging|Any CPU.ActiveCfg = Profiling|Any CPU
		{212823CD-25E1-41AC-92D1-D6DF4D53FC85}.Staging|ARM.ActiveCfg = Profiling|Any CPU
		{212823CD-25E1-41AC-92D1-D6DF4D53FC85}.Staging|Mixed Platforms.ActiveCfg = Profiling|Any CPU
		{212823CD-25E1-41AC-92D1-D6DF4D53FC85}.Staging|x64.ActiveCfg = Profiling|Any CPU
		{212823CD-25E1-41AC-92D1-D6DF4D53FC85}.Staging|x86.ActiveCfg = Profiling|Any CPU
		{212823CD-25E1-41AC-92D1-D6DF4D53FC85}.winphone_Debug|Any CPU.ActiveCfg = Debug|Any CPU
		{212823CD-25E1-41AC-92D1-D6DF4D53FC85}.winphone_Debug|Any CPU.Build.0 = Debug|Any CPU
		{212823CD-25E1-41AC-92D1-D6DF4D53FC85}.winphone_Debug|ARM.ActiveCfg = Debug|Any CPU
		{212823CD-25E1-41AC-92D1-D6DF4D53FC85}.winphone_Debug|Mixed Platforms.ActiveCfg = Debug|Any CPU
		{212823CD-25E1-41AC-92D1-D6DF4D53FC85}.winphone_Debug|Mixed Platforms.Build.0 = Debug|Any CPU
		{212823CD-25E1-41AC-92D1-D6DF4D53FC85}.winphone_Debug|x64.ActiveCfg = Debug|Any CPU
		{212823CD-25E1-41AC-92D1-D6DF4D53FC85}.winphone_Debug|x86.ActiveCfg = Debug|Any CPU
		{212823CD-25E1-41AC-92D1-D6DF4D53FC85}.winphone_Release|Any CPU.ActiveCfg = Release|Any CPU
		{212823CD-25E1-41AC-92D1-D6DF4D53FC85}.winphone_Release|Any CPU.Build.0 = Release|Any CPU
		{212823CD-25E1-41AC-92D1-D6DF4D53FC85}.winphone_Release|ARM.ActiveCfg = Release|Any CPU
		{212823CD-25E1-41AC-92D1-D6DF4D53FC85}.winphone_Release|Mixed Platforms.ActiveCfg = Release|Any CPU
		{212823CD-25E1-41AC-92D1-D6DF4D53FC85}.winphone_Release|Mixed Platforms.Build.0 = Release|Any CPU
		{212823CD-25E1-41AC-92D1-D6DF4D53FC85}.winphone_Release|x64.ActiveCfg = Release|Any CPU
		{212823CD-25E1-41AC-92D1-D6DF4D53FC85}.winphone_Release|x86.ActiveCfg = Release|Any CPU
		{4E087ECB-E7CA-4891-AC3C-3C76702715B6}.Azure-Debug|Any CPU.ActiveCfg = Debug|Any CPU
		{4E087ECB-E7CA-4891-AC3C-3C76702715B6}.Azure-Debug|ARM.ActiveCfg = Debug|Any CPU
		{4E087ECB-E7CA-4891-AC3C-3C76702715B6}.Azure-Debug|Mixed Platforms.ActiveCfg = Debug|Any CPU
		{4E087ECB-E7CA-4891-AC3C-3C76702715B6}.Azure-Debug|x64.ActiveCfg = Debug|Any CPU
		{4E087ECB-E7CA-4891-AC3C-3C76702715B6}.Azure-Debug|x86.ActiveCfg = Debug|Any CPU
		{4E087ECB-E7CA-4891-AC3C-3C76702715B6}.Azure-Deployment|Any CPU.ActiveCfg = Profiling|Any CPU
		{4E087ECB-E7CA-4891-AC3C-3C76702715B6}.Azure-Deployment|ARM.ActiveCfg = Profiling|Any CPU
		{4E087ECB-E7CA-4891-AC3C-3C76702715B6}.Azure-Deployment|Mixed Platforms.ActiveCfg = Profiling|Any CPU
		{4E087ECB-E7CA-4891-AC3C-3C76702715B6}.Azure-Deployment|x64.ActiveCfg = Profiling|Any CPU
		{4E087ECB-E7CA-4891-AC3C-3C76702715B6}.Azure-Deployment|x86.ActiveCfg = Profiling|Any CPU
		{4E087ECB-E7CA-4891-AC3C-3C76702715B6}.Azure-Release|Any CPU.ActiveCfg = Release|Any CPU
		{4E087ECB-E7CA-4891-AC3C-3C76702715B6}.Azure-Release|ARM.ActiveCfg = Release|Any CPU
		{4E087ECB-E7CA-4891-AC3C-3C76702715B6}.Azure-Release|Mixed Platforms.ActiveCfg = Release|Any CPU
		{4E087ECB-E7CA-4891-AC3C-3C76702715B6}.Azure-Release|x64.ActiveCfg = Release|Any CPU
		{4E087ECB-E7CA-4891-AC3C-3C76702715B6}.Azure-Release|x86.ActiveCfg = Release|Any CPU
		{4E087ECB-E7CA-4891-AC3C-3C76702715B6}.Debug|Any CPU.ActiveCfg = Debug|Any CPU
		{4E087ECB-E7CA-4891-AC3C-3C76702715B6}.Debug|Any CPU.Build.0 = Debug|Any CPU
		{4E087ECB-E7CA-4891-AC3C-3C76702715B6}.Debug|ARM.ActiveCfg = Debug|Any CPU
		{4E087ECB-E7CA-4891-AC3C-3C76702715B6}.Debug|Mixed Platforms.ActiveCfg = Debug|Any CPU
		{4E087ECB-E7CA-4891-AC3C-3C76702715B6}.Debug|Mixed Platforms.Build.0 = Debug|Any CPU
		{4E087ECB-E7CA-4891-AC3C-3C76702715B6}.Debug|x64.ActiveCfg = Debug|Any CPU
		{4E087ECB-E7CA-4891-AC3C-3C76702715B6}.Debug|x86.ActiveCfg = Debug|Any CPU
		{4E087ECB-E7CA-4891-AC3C-3C76702715B6}.Local-Debug|Any CPU.ActiveCfg = Debug|Any CPU
		{4E087ECB-E7CA-4891-AC3C-3C76702715B6}.Local-Debug|ARM.ActiveCfg = Debug|Any CPU
		{4E087ECB-E7CA-4891-AC3C-3C76702715B6}.Local-Debug|Mixed Platforms.ActiveCfg = Debug|Any CPU
		{4E087ECB-E7CA-4891-AC3C-3C76702715B6}.Local-Debug|x64.ActiveCfg = Debug|Any CPU
		{4E087ECB-E7CA-4891-AC3C-3C76702715B6}.Local-Debug|x86.ActiveCfg = Debug|Any CPU
		{4E087ECB-E7CA-4891-AC3C-3C76702715B6}.Local-Performance|Any CPU.ActiveCfg = Profiling|Any CPU
		{4E087ECB-E7CA-4891-AC3C-3C76702715B6}.Local-Performance|ARM.ActiveCfg = Profiling|Any CPU
		{4E087ECB-E7CA-4891-AC3C-3C76702715B6}.Local-Performance|Mixed Platforms.ActiveCfg = Profiling|Any CPU
		{4E087ECB-E7CA-4891-AC3C-3C76702715B6}.Local-Performance|x64.ActiveCfg = Profiling|Any CPU
		{4E087ECB-E7CA-4891-AC3C-3C76702715B6}.Local-Performance|x86.ActiveCfg = Profiling|Any CPU
		{4E087ECB-E7CA-4891-AC3C-3C76702715B6}.Local-Release|Any CPU.ActiveCfg = Release|Any CPU
		{4E087ECB-E7CA-4891-AC3C-3C76702715B6}.Local-Release|ARM.ActiveCfg = Release|Any CPU
		{4E087ECB-E7CA-4891-AC3C-3C76702715B6}.Local-Release|Mixed Platforms.ActiveCfg = Release|Any CPU
		{4E087ECB-E7CA-4891-AC3C-3C76702715B6}.Local-Release|x64.ActiveCfg = Release|Any CPU
		{4E087ECB-E7CA-4891-AC3C-3C76702715B6}.Local-Release|x86.ActiveCfg = Release|Any CPU
		{4E087ECB-E7CA-4891-AC3C-3C76702715B6}.Mono|Any CPU.ActiveCfg = Profiling|Any CPU
		{4E087ECB-E7CA-4891-AC3C-3C76702715B6}.Mono|ARM.ActiveCfg = Profiling|Any CPU
		{4E087ECB-E7CA-4891-AC3C-3C76702715B6}.Mono|Mixed Platforms.ActiveCfg = Profiling|Any CPU
		{4E087ECB-E7CA-4891-AC3C-3C76702715B6}.Mono|x64.ActiveCfg = Profiling|Any CPU
		{4E087ECB-E7CA-4891-AC3C-3C76702715B6}.Mono|x86.ActiveCfg = Profiling|Any CPU
		{4E087ECB-E7CA-4891-AC3C-3C76702715B6}.net_2_0_Debug|Any CPU.ActiveCfg = Debug|Any CPU
		{4E087ECB-E7CA-4891-AC3C-3C76702715B6}.net_2_0_Debug|Any CPU.Build.0 = Debug|Any CPU
		{4E087ECB-E7CA-4891-AC3C-3C76702715B6}.net_2_0_Debug|ARM.ActiveCfg = Debug|Any CPU
		{4E087ECB-E7CA-4891-AC3C-3C76702715B6}.net_2_0_Debug|Mixed Platforms.ActiveCfg = Debug|Any CPU
		{4E087ECB-E7CA-4891-AC3C-3C76702715B6}.net_2_0_Debug|Mixed Platforms.Build.0 = Debug|Any CPU
		{4E087ECB-E7CA-4891-AC3C-3C76702715B6}.net_2_0_Debug|x64.ActiveCfg = Debug|Any CPU
		{4E087ECB-E7CA-4891-AC3C-3C76702715B6}.net_2_0_Debug|x86.ActiveCfg = Debug|Any CPU
		{4E087ECB-E7CA-4891-AC3C-3C76702715B6}.net_2_0_Release|Any CPU.ActiveCfg = Release|Any CPU
		{4E087ECB-E7CA-4891-AC3C-3C76702715B6}.net_2_0_Release|Any CPU.Build.0 = Release|Any CPU
		{4E087ECB-E7CA-4891-AC3C-3C76702715B6}.net_2_0_Release|ARM.ActiveCfg = Release|Any CPU
		{4E087ECB-E7CA-4891-AC3C-3C76702715B6}.net_2_0_Release|Mixed Platforms.ActiveCfg = Release|Any CPU
		{4E087ECB-E7CA-4891-AC3C-3C76702715B6}.net_2_0_Release|Mixed Platforms.Build.0 = Release|Any CPU
		{4E087ECB-E7CA-4891-AC3C-3C76702715B6}.net_2_0_Release|x64.ActiveCfg = Release|Any CPU
		{4E087ECB-E7CA-4891-AC3C-3C76702715B6}.net_2_0_Release|x86.ActiveCfg = Release|Any CPU
		{4E087ECB-E7CA-4891-AC3C-3C76702715B6}.net_3_5_Debug|Any CPU.ActiveCfg = Debug|Any CPU
		{4E087ECB-E7CA-4891-AC3C-3C76702715B6}.net_3_5_Debug|Any CPU.Build.0 = Debug|Any CPU
		{4E087ECB-E7CA-4891-AC3C-3C76702715B6}.net_3_5_Debug|ARM.ActiveCfg = Debug|Any CPU
		{4E087ECB-E7CA-4891-AC3C-3C76702715B6}.net_3_5_Debug|Mixed Platforms.ActiveCfg = Debug|Any CPU
		{4E087ECB-E7CA-4891-AC3C-3C76702715B6}.net_3_5_Debug|Mixed Platforms.Build.0 = Debug|Any CPU
		{4E087ECB-E7CA-4891-AC3C-3C76702715B6}.net_3_5_Debug|x64.ActiveCfg = Debug|Any CPU
		{4E087ECB-E7CA-4891-AC3C-3C76702715B6}.net_3_5_Debug|x86.ActiveCfg = Debug|Any CPU
		{4E087ECB-E7CA-4891-AC3C-3C76702715B6}.net_3_5_Release|Any CPU.ActiveCfg = Release|Any CPU
		{4E087ECB-E7CA-4891-AC3C-3C76702715B6}.net_3_5_Release|Any CPU.Build.0 = Release|Any CPU
		{4E087ECB-E7CA-4891-AC3C-3C76702715B6}.net_3_5_Release|ARM.ActiveCfg = Release|Any CPU
		{4E087ECB-E7CA-4891-AC3C-3C76702715B6}.net_3_5_Release|Mixed Platforms.ActiveCfg = Release|Any CPU
		{4E087ECB-E7CA-4891-AC3C-3C76702715B6}.net_3_5_Release|Mixed Platforms.Build.0 = Release|Any CPU
		{4E087ECB-E7CA-4891-AC3C-3C76702715B6}.net_3_5_Release|x64.ActiveCfg = Release|Any CPU
		{4E087ECB-E7CA-4891-AC3C-3C76702715B6}.net_3_5_Release|x86.ActiveCfg = Release|Any CPU
		{4E087ECB-E7CA-4891-AC3C-3C76702715B6}.net_4_0_Debug|Any CPU.ActiveCfg = Debug|Any CPU
		{4E087ECB-E7CA-4891-AC3C-3C76702715B6}.net_4_0_Debug|Any CPU.Build.0 = Debug|Any CPU
		{4E087ECB-E7CA-4891-AC3C-3C76702715B6}.net_4_0_Debug|ARM.ActiveCfg = Debug|Any CPU
		{4E087ECB-E7CA-4891-AC3C-3C76702715B6}.net_4_0_Debug|Mixed Platforms.ActiveCfg = Debug|Any CPU
		{4E087ECB-E7CA-4891-AC3C-3C76702715B6}.net_4_0_Debug|Mixed Platforms.Build.0 = Debug|Any CPU
		{4E087ECB-E7CA-4891-AC3C-3C76702715B6}.net_4_0_Debug|x64.ActiveCfg = Debug|Any CPU
		{4E087ECB-E7CA-4891-AC3C-3C76702715B6}.net_4_0_Debug|x86.ActiveCfg = Debug|Any CPU
		{4E087ECB-E7CA-4891-AC3C-3C76702715B6}.net_4_0_Release|Any CPU.ActiveCfg = Release|Any CPU
		{4E087ECB-E7CA-4891-AC3C-3C76702715B6}.net_4_0_Release|Any CPU.Build.0 = Release|Any CPU
		{4E087ECB-E7CA-4891-AC3C-3C76702715B6}.net_4_0_Release|ARM.ActiveCfg = Release|Any CPU
		{4E087ECB-E7CA-4891-AC3C-3C76702715B6}.net_4_0_Release|Mixed Platforms.ActiveCfg = Release|Any CPU
		{4E087ECB-E7CA-4891-AC3C-3C76702715B6}.net_4_0_Release|Mixed Platforms.Build.0 = Release|Any CPU
		{4E087ECB-E7CA-4891-AC3C-3C76702715B6}.net_4_0_Release|x64.ActiveCfg = Release|Any CPU
		{4E087ECB-E7CA-4891-AC3C-3C76702715B6}.net_4_0_Release|x86.ActiveCfg = Release|Any CPU
		{4E087ECB-E7CA-4891-AC3C-3C76702715B6}.net_4_5_Debug|Any CPU.ActiveCfg = Debug|Any CPU
		{4E087ECB-E7CA-4891-AC3C-3C76702715B6}.net_4_5_Debug|Any CPU.Build.0 = Debug|Any CPU
		{4E087ECB-E7CA-4891-AC3C-3C76702715B6}.net_4_5_Debug|ARM.ActiveCfg = Debug|Any CPU
		{4E087ECB-E7CA-4891-AC3C-3C76702715B6}.net_4_5_Debug|Mixed Platforms.ActiveCfg = Debug|Any CPU
		{4E087ECB-E7CA-4891-AC3C-3C76702715B6}.net_4_5_Debug|Mixed Platforms.Build.0 = Debug|Any CPU
		{4E087ECB-E7CA-4891-AC3C-3C76702715B6}.net_4_5_Debug|x64.ActiveCfg = Debug|Any CPU
		{4E087ECB-E7CA-4891-AC3C-3C76702715B6}.net_4_5_Debug|x86.ActiveCfg = Debug|Any CPU
		{4E087ECB-E7CA-4891-AC3C-3C76702715B6}.net_4_5_Release|Any CPU.ActiveCfg = Release|Any CPU
		{4E087ECB-E7CA-4891-AC3C-3C76702715B6}.net_4_5_Release|Any CPU.Build.0 = Release|Any CPU
		{4E087ECB-E7CA-4891-AC3C-3C76702715B6}.net_4_5_Release|ARM.ActiveCfg = Release|Any CPU
		{4E087ECB-E7CA-4891-AC3C-3C76702715B6}.net_4_5_Release|Mixed Platforms.ActiveCfg = Release|Any CPU
		{4E087ECB-E7CA-4891-AC3C-3C76702715B6}.net_4_5_Release|Mixed Platforms.Build.0 = Release|Any CPU
		{4E087ECB-E7CA-4891-AC3C-3C76702715B6}.net_4_5_Release|x64.ActiveCfg = Release|Any CPU
		{4E087ECB-E7CA-4891-AC3C-3C76702715B6}.net_4_5_Release|x86.ActiveCfg = Release|Any CPU
		{4E087ECB-E7CA-4891-AC3C-3C76702715B6}.Production|Any CPU.ActiveCfg = Profiling|Any CPU
		{4E087ECB-E7CA-4891-AC3C-3C76702715B6}.Production|ARM.ActiveCfg = Profiling|Any CPU
		{4E087ECB-E7CA-4891-AC3C-3C76702715B6}.Production|Mixed Platforms.ActiveCfg = Profiling|Any CPU
		{4E087ECB-E7CA-4891-AC3C-3C76702715B6}.Production|x64.ActiveCfg = Profiling|Any CPU
		{4E087ECB-E7CA-4891-AC3C-3C76702715B6}.Production|x86.ActiveCfg = Profiling|Any CPU
		{4E087ECB-E7CA-4891-AC3C-3C76702715B6}.Profiling|Any CPU.ActiveCfg = Profiling|Any CPU
		{4E087ECB-E7CA-4891-AC3C-3C76702715B6}.Profiling|Any CPU.Build.0 = Profiling|Any CPU
		{4E087ECB-E7CA-4891-AC3C-3C76702715B6}.Profiling|ARM.ActiveCfg = Profiling|Any CPU
		{4E087ECB-E7CA-4891-AC3C-3C76702715B6}.Profiling|Mixed Platforms.ActiveCfg = Profiling|Any CPU
		{4E087ECB-E7CA-4891-AC3C-3C76702715B6}.Profiling|Mixed Platforms.Build.0 = Profiling|Any CPU
		{4E087ECB-E7CA-4891-AC3C-3C76702715B6}.Profiling|x64.ActiveCfg = Profiling|Any CPU
		{4E087ECB-E7CA-4891-AC3C-3C76702715B6}.Profiling|x86.ActiveCfg = Profiling|Any CPU
		{4E087ECB-E7CA-4891-AC3C-3C76702715B6}.Release|Any CPU.ActiveCfg = Release|Any CPU
		{4E087ECB-E7CA-4891-AC3C-3C76702715B6}.Release|Any CPU.Build.0 = Release|Any CPU
		{4E087ECB-E7CA-4891-AC3C-3C76702715B6}.Release|ARM.ActiveCfg = Release|Any CPU
		{4E087ECB-E7CA-4891-AC3C-3C76702715B6}.Release|Mixed Platforms.ActiveCfg = Release|Any CPU
		{4E087ECB-E7CA-4891-AC3C-3C76702715B6}.Release|Mixed Platforms.Build.0 = Release|Any CPU
		{4E087ECB-E7CA-4891-AC3C-3C76702715B6}.Release|x64.ActiveCfg = Release|Any CPU
		{4E087ECB-E7CA-4891-AC3C-3C76702715B6}.Release|x86.ActiveCfg = Release|Any CPU
		{4E087ECB-E7CA-4891-AC3C-3C76702715B6}.silverlight_Debug|Any CPU.ActiveCfg = Debug|Any CPU
		{4E087ECB-E7CA-4891-AC3C-3C76702715B6}.silverlight_Debug|Any CPU.Build.0 = Debug|Any CPU
		{4E087ECB-E7CA-4891-AC3C-3C76702715B6}.silverlight_Debug|ARM.ActiveCfg = Debug|Any CPU
		{4E087ECB-E7CA-4891-AC3C-3C76702715B6}.silverlight_Debug|Mixed Platforms.ActiveCfg = Debug|Any CPU
		{4E087ECB-E7CA-4891-AC3C-3C76702715B6}.silverlight_Debug|Mixed Platforms.Build.0 = Debug|Any CPU
		{4E087ECB-E7CA-4891-AC3C-3C76702715B6}.silverlight_Debug|x64.ActiveCfg = Debug|Any CPU
		{4E087ECB-E7CA-4891-AC3C-3C76702715B6}.silverlight_Debug|x86.ActiveCfg = Debug|Any CPU
		{4E087ECB-E7CA-4891-AC3C-3C76702715B6}.silverlight_Release|Any CPU.ActiveCfg = Release|Any CPU
		{4E087ECB-E7CA-4891-AC3C-3C76702715B6}.silverlight_Release|Any CPU.Build.0 = Release|Any CPU
		{4E087ECB-E7CA-4891-AC3C-3C76702715B6}.silverlight_Release|ARM.ActiveCfg = Release|Any CPU
		{4E087ECB-E7CA-4891-AC3C-3C76702715B6}.silverlight_Release|Mixed Platforms.ActiveCfg = Release|Any CPU
		{4E087ECB-E7CA-4891-AC3C-3C76702715B6}.silverlight_Release|Mixed Platforms.Build.0 = Release|Any CPU
		{4E087ECB-E7CA-4891-AC3C-3C76702715B6}.silverlight_Release|x64.ActiveCfg = Release|Any CPU
		{4E087ECB-E7CA-4891-AC3C-3C76702715B6}.silverlight_Release|x86.ActiveCfg = Release|Any CPU
		{4E087ECB-E7CA-4891-AC3C-3C76702715B6}.Staging|Any CPU.ActiveCfg = Profiling|Any CPU
		{4E087ECB-E7CA-4891-AC3C-3C76702715B6}.Staging|ARM.ActiveCfg = Profiling|Any CPU
		{4E087ECB-E7CA-4891-AC3C-3C76702715B6}.Staging|Mixed Platforms.ActiveCfg = Profiling|Any CPU
		{4E087ECB-E7CA-4891-AC3C-3C76702715B6}.Staging|x64.ActiveCfg = Profiling|Any CPU
		{4E087ECB-E7CA-4891-AC3C-3C76702715B6}.Staging|x86.ActiveCfg = Profiling|Any CPU
		{4E087ECB-E7CA-4891-AC3C-3C76702715B6}.winphone_Debug|Any CPU.ActiveCfg = Debug|Any CPU
		{4E087ECB-E7CA-4891-AC3C-3C76702715B6}.winphone_Debug|Any CPU.Build.0 = Debug|Any CPU
		{4E087ECB-E7CA-4891-AC3C-3C76702715B6}.winphone_Debug|ARM.ActiveCfg = Debug|Any CPU
		{4E087ECB-E7CA-4891-AC3C-3C76702715B6}.winphone_Debug|Mixed Platforms.ActiveCfg = Debug|Any CPU
		{4E087ECB-E7CA-4891-AC3C-3C76702715B6}.winphone_Debug|Mixed Platforms.Build.0 = Debug|Any CPU
		{4E087ECB-E7CA-4891-AC3C-3C76702715B6}.winphone_Debug|x64.ActiveCfg = Debug|Any CPU
		{4E087ECB-E7CA-4891-AC3C-3C76702715B6}.winphone_Debug|x86.ActiveCfg = Debug|Any CPU
		{4E087ECB-E7CA-4891-AC3C-3C76702715B6}.winphone_Release|Any CPU.ActiveCfg = Release|Any CPU
		{4E087ECB-E7CA-4891-AC3C-3C76702715B6}.winphone_Release|Any CPU.Build.0 = Release|Any CPU
		{4E087ECB-E7CA-4891-AC3C-3C76702715B6}.winphone_Release|ARM.ActiveCfg = Release|Any CPU
		{4E087ECB-E7CA-4891-AC3C-3C76702715B6}.winphone_Release|Mixed Platforms.ActiveCfg = Release|Any CPU
		{4E087ECB-E7CA-4891-AC3C-3C76702715B6}.winphone_Release|Mixed Platforms.Build.0 = Release|Any CPU
		{4E087ECB-E7CA-4891-AC3C-3C76702715B6}.winphone_Release|x64.ActiveCfg = Release|Any CPU
		{4E087ECB-E7CA-4891-AC3C-3C76702715B6}.winphone_Release|x86.ActiveCfg = Release|Any CPU
		{41AC479E-1EB2-4D23-AAF2-E4C8DF1BC2BA}.Azure-Debug|Any CPU.ActiveCfg = Debug|Any CPU
		{41AC479E-1EB2-4D23-AAF2-E4C8DF1BC2BA}.Azure-Debug|ARM.ActiveCfg = Debug|Any CPU
		{41AC479E-1EB2-4D23-AAF2-E4C8DF1BC2BA}.Azure-Debug|Mixed Platforms.ActiveCfg = Debug|Any CPU
		{41AC479E-1EB2-4D23-AAF2-E4C8DF1BC2BA}.Azure-Debug|x64.ActiveCfg = Debug|Any CPU
		{41AC479E-1EB2-4D23-AAF2-E4C8DF1BC2BA}.Azure-Debug|x86.ActiveCfg = Debug|Any CPU
		{41AC479E-1EB2-4D23-AAF2-E4C8DF1BC2BA}.Azure-Deployment|Any CPU.ActiveCfg = Profiling|Any CPU
		{41AC479E-1EB2-4D23-AAF2-E4C8DF1BC2BA}.Azure-Deployment|ARM.ActiveCfg = Profiling|Any CPU
		{41AC479E-1EB2-4D23-AAF2-E4C8DF1BC2BA}.Azure-Deployment|Mixed Platforms.ActiveCfg = Profiling|Any CPU
		{41AC479E-1EB2-4D23-AAF2-E4C8DF1BC2BA}.Azure-Deployment|x64.ActiveCfg = Profiling|Any CPU
		{41AC479E-1EB2-4D23-AAF2-E4C8DF1BC2BA}.Azure-Deployment|x86.ActiveCfg = Profiling|Any CPU
		{41AC479E-1EB2-4D23-AAF2-E4C8DF1BC2BA}.Azure-Release|Any CPU.ActiveCfg = Release|Any CPU
		{41AC479E-1EB2-4D23-AAF2-E4C8DF1BC2BA}.Azure-Release|ARM.ActiveCfg = Release|Any CPU
		{41AC479E-1EB2-4D23-AAF2-E4C8DF1BC2BA}.Azure-Release|Mixed Platforms.ActiveCfg = Release|Any CPU
		{41AC479E-1EB2-4D23-AAF2-E4C8DF1BC2BA}.Azure-Release|x64.ActiveCfg = Release|Any CPU
		{41AC479E-1EB2-4D23-AAF2-E4C8DF1BC2BA}.Azure-Release|x86.ActiveCfg = Release|Any CPU
		{41AC479E-1EB2-4D23-AAF2-E4C8DF1BC2BA}.Debug|Any CPU.ActiveCfg = Debug|Any CPU
		{41AC479E-1EB2-4D23-AAF2-E4C8DF1BC2BA}.Debug|Any CPU.Build.0 = Debug|Any CPU
		{41AC479E-1EB2-4D23-AAF2-E4C8DF1BC2BA}.Debug|ARM.ActiveCfg = Debug|Any CPU
		{41AC479E-1EB2-4D23-AAF2-E4C8DF1BC2BA}.Debug|Mixed Platforms.ActiveCfg = Debug|Any CPU
		{41AC479E-1EB2-4D23-AAF2-E4C8DF1BC2BA}.Debug|Mixed Platforms.Build.0 = Debug|Any CPU
		{41AC479E-1EB2-4D23-AAF2-E4C8DF1BC2BA}.Debug|x64.ActiveCfg = Debug|Any CPU
		{41AC479E-1EB2-4D23-AAF2-E4C8DF1BC2BA}.Debug|x86.ActiveCfg = Debug|Any CPU
		{41AC479E-1EB2-4D23-AAF2-E4C8DF1BC2BA}.Local-Debug|Any CPU.ActiveCfg = Debug|Any CPU
		{41AC479E-1EB2-4D23-AAF2-E4C8DF1BC2BA}.Local-Debug|ARM.ActiveCfg = Debug|Any CPU
		{41AC479E-1EB2-4D23-AAF2-E4C8DF1BC2BA}.Local-Debug|Mixed Platforms.ActiveCfg = Debug|Any CPU
		{41AC479E-1EB2-4D23-AAF2-E4C8DF1BC2BA}.Local-Debug|x64.ActiveCfg = Debug|Any CPU
		{41AC479E-1EB2-4D23-AAF2-E4C8DF1BC2BA}.Local-Debug|x86.ActiveCfg = Debug|Any CPU
		{41AC479E-1EB2-4D23-AAF2-E4C8DF1BC2BA}.Local-Performance|Any CPU.ActiveCfg = Profiling|Any CPU
		{41AC479E-1EB2-4D23-AAF2-E4C8DF1BC2BA}.Local-Performance|ARM.ActiveCfg = Profiling|Any CPU
		{41AC479E-1EB2-4D23-AAF2-E4C8DF1BC2BA}.Local-Performance|Mixed Platforms.ActiveCfg = Profiling|Any CPU
		{41AC479E-1EB2-4D23-AAF2-E4C8DF1BC2BA}.Local-Performance|x64.ActiveCfg = Profiling|Any CPU
		{41AC479E-1EB2-4D23-AAF2-E4C8DF1BC2BA}.Local-Performance|x86.ActiveCfg = Profiling|Any CPU
		{41AC479E-1EB2-4D23-AAF2-E4C8DF1BC2BA}.Local-Release|Any CPU.ActiveCfg = Release|Any CPU
		{41AC479E-1EB2-4D23-AAF2-E4C8DF1BC2BA}.Local-Release|ARM.ActiveCfg = Release|Any CPU
		{41AC479E-1EB2-4D23-AAF2-E4C8DF1BC2BA}.Local-Release|Mixed Platforms.ActiveCfg = Release|Any CPU
		{41AC479E-1EB2-4D23-AAF2-E4C8DF1BC2BA}.Local-Release|x64.ActiveCfg = Release|Any CPU
		{41AC479E-1EB2-4D23-AAF2-E4C8DF1BC2BA}.Local-Release|x86.ActiveCfg = Release|Any CPU
		{41AC479E-1EB2-4D23-AAF2-E4C8DF1BC2BA}.Mono|Any CPU.ActiveCfg = Profiling|Any CPU
		{41AC479E-1EB2-4D23-AAF2-E4C8DF1BC2BA}.Mono|ARM.ActiveCfg = Profiling|Any CPU
		{41AC479E-1EB2-4D23-AAF2-E4C8DF1BC2BA}.Mono|Mixed Platforms.ActiveCfg = Profiling|Any CPU
		{41AC479E-1EB2-4D23-AAF2-E4C8DF1BC2BA}.Mono|x64.ActiveCfg = Profiling|Any CPU
		{41AC479E-1EB2-4D23-AAF2-E4C8DF1BC2BA}.Mono|x86.ActiveCfg = Profiling|Any CPU
		{41AC479E-1EB2-4D23-AAF2-E4C8DF1BC2BA}.net_2_0_Debug|Any CPU.ActiveCfg = Debug|Any CPU
		{41AC479E-1EB2-4D23-AAF2-E4C8DF1BC2BA}.net_2_0_Debug|Any CPU.Build.0 = Debug|Any CPU
		{41AC479E-1EB2-4D23-AAF2-E4C8DF1BC2BA}.net_2_0_Debug|ARM.ActiveCfg = Debug|Any CPU
		{41AC479E-1EB2-4D23-AAF2-E4C8DF1BC2BA}.net_2_0_Debug|Mixed Platforms.ActiveCfg = Debug|Any CPU
		{41AC479E-1EB2-4D23-AAF2-E4C8DF1BC2BA}.net_2_0_Debug|Mixed Platforms.Build.0 = Debug|Any CPU
		{41AC479E-1EB2-4D23-AAF2-E4C8DF1BC2BA}.net_2_0_Debug|x64.ActiveCfg = Debug|Any CPU
		{41AC479E-1EB2-4D23-AAF2-E4C8DF1BC2BA}.net_2_0_Debug|x86.ActiveCfg = Debug|Any CPU
		{41AC479E-1EB2-4D23-AAF2-E4C8DF1BC2BA}.net_2_0_Release|Any CPU.ActiveCfg = Release|Any CPU
		{41AC479E-1EB2-4D23-AAF2-E4C8DF1BC2BA}.net_2_0_Release|Any CPU.Build.0 = Release|Any CPU
		{41AC479E-1EB2-4D23-AAF2-E4C8DF1BC2BA}.net_2_0_Release|ARM.ActiveCfg = Release|Any CPU
		{41AC479E-1EB2-4D23-AAF2-E4C8DF1BC2BA}.net_2_0_Release|Mixed Platforms.ActiveCfg = Release|Any CPU
		{41AC479E-1EB2-4D23-AAF2-E4C8DF1BC2BA}.net_2_0_Release|Mixed Platforms.Build.0 = Release|Any CPU
		{41AC479E-1EB2-4D23-AAF2-E4C8DF1BC2BA}.net_2_0_Release|x64.ActiveCfg = Release|Any CPU
		{41AC479E-1EB2-4D23-AAF2-E4C8DF1BC2BA}.net_2_0_Release|x86.ActiveCfg = Release|Any CPU
		{41AC479E-1EB2-4D23-AAF2-E4C8DF1BC2BA}.net_3_5_Debug|Any CPU.ActiveCfg = Debug|Any CPU
		{41AC479E-1EB2-4D23-AAF2-E4C8DF1BC2BA}.net_3_5_Debug|Any CPU.Build.0 = Debug|Any CPU
		{41AC479E-1EB2-4D23-AAF2-E4C8DF1BC2BA}.net_3_5_Debug|ARM.ActiveCfg = Debug|Any CPU
		{41AC479E-1EB2-4D23-AAF2-E4C8DF1BC2BA}.net_3_5_Debug|Mixed Platforms.ActiveCfg = Debug|Any CPU
		{41AC479E-1EB2-4D23-AAF2-E4C8DF1BC2BA}.net_3_5_Debug|Mixed Platforms.Build.0 = Debug|Any CPU
		{41AC479E-1EB2-4D23-AAF2-E4C8DF1BC2BA}.net_3_5_Debug|x64.ActiveCfg = Debug|Any CPU
		{41AC479E-1EB2-4D23-AAF2-E4C8DF1BC2BA}.net_3_5_Debug|x86.ActiveCfg = Debug|Any CPU
		{41AC479E-1EB2-4D23-AAF2-E4C8DF1BC2BA}.net_3_5_Release|Any CPU.ActiveCfg = Release|Any CPU
		{41AC479E-1EB2-4D23-AAF2-E4C8DF1BC2BA}.net_3_5_Release|Any CPU.Build.0 = Release|Any CPU
		{41AC479E-1EB2-4D23-AAF2-E4C8DF1BC2BA}.net_3_5_Release|ARM.ActiveCfg = Release|Any CPU
		{41AC479E-1EB2-4D23-AAF2-E4C8DF1BC2BA}.net_3_5_Release|Mixed Platforms.ActiveCfg = Release|Any CPU
		{41AC479E-1EB2-4D23-AAF2-E4C8DF1BC2BA}.net_3_5_Release|Mixed Platforms.Build.0 = Release|Any CPU
		{41AC479E-1EB2-4D23-AAF2-E4C8DF1BC2BA}.net_3_5_Release|x64.ActiveCfg = Release|Any CPU
		{41AC479E-1EB2-4D23-AAF2-E4C8DF1BC2BA}.net_3_5_Release|x86.ActiveCfg = Release|Any CPU
		{41AC479E-1EB2-4D23-AAF2-E4C8DF1BC2BA}.net_4_0_Debug|Any CPU.ActiveCfg = Debug|Any CPU
		{41AC479E-1EB2-4D23-AAF2-E4C8DF1BC2BA}.net_4_0_Debug|Any CPU.Build.0 = Debug|Any CPU
		{41AC479E-1EB2-4D23-AAF2-E4C8DF1BC2BA}.net_4_0_Debug|ARM.ActiveCfg = Debug|Any CPU
		{41AC479E-1EB2-4D23-AAF2-E4C8DF1BC2BA}.net_4_0_Debug|Mixed Platforms.ActiveCfg = Debug|Any CPU
		{41AC479E-1EB2-4D23-AAF2-E4C8DF1BC2BA}.net_4_0_Debug|Mixed Platforms.Build.0 = Debug|Any CPU
		{41AC479E-1EB2-4D23-AAF2-E4C8DF1BC2BA}.net_4_0_Debug|x64.ActiveCfg = Debug|Any CPU
		{41AC479E-1EB2-4D23-AAF2-E4C8DF1BC2BA}.net_4_0_Debug|x86.ActiveCfg = Debug|Any CPU
		{41AC479E-1EB2-4D23-AAF2-E4C8DF1BC2BA}.net_4_0_Release|Any CPU.ActiveCfg = Release|Any CPU
		{41AC479E-1EB2-4D23-AAF2-E4C8DF1BC2BA}.net_4_0_Release|Any CPU.Build.0 = Release|Any CPU
		{41AC479E-1EB2-4D23-AAF2-E4C8DF1BC2BA}.net_4_0_Release|ARM.ActiveCfg = Release|Any CPU
		{41AC479E-1EB2-4D23-AAF2-E4C8DF1BC2BA}.net_4_0_Release|Mixed Platforms.ActiveCfg = Release|Any CPU
		{41AC479E-1EB2-4D23-AAF2-E4C8DF1BC2BA}.net_4_0_Release|Mixed Platforms.Build.0 = Release|Any CPU
		{41AC479E-1EB2-4D23-AAF2-E4C8DF1BC2BA}.net_4_0_Release|x64.ActiveCfg = Release|Any CPU
		{41AC479E-1EB2-4D23-AAF2-E4C8DF1BC2BA}.net_4_0_Release|x86.ActiveCfg = Release|Any CPU
		{41AC479E-1EB2-4D23-AAF2-E4C8DF1BC2BA}.net_4_5_Debug|Any CPU.ActiveCfg = Debug|Any CPU
		{41AC479E-1EB2-4D23-AAF2-E4C8DF1BC2BA}.net_4_5_Debug|Any CPU.Build.0 = Debug|Any CPU
		{41AC479E-1EB2-4D23-AAF2-E4C8DF1BC2BA}.net_4_5_Debug|ARM.ActiveCfg = Debug|Any CPU
		{41AC479E-1EB2-4D23-AAF2-E4C8DF1BC2BA}.net_4_5_Debug|Mixed Platforms.ActiveCfg = Debug|Any CPU
		{41AC479E-1EB2-4D23-AAF2-E4C8DF1BC2BA}.net_4_5_Debug|Mixed Platforms.Build.0 = Debug|Any CPU
		{41AC479E-1EB2-4D23-AAF2-E4C8DF1BC2BA}.net_4_5_Debug|x64.ActiveCfg = Debug|Any CPU
		{41AC479E-1EB2-4D23-AAF2-E4C8DF1BC2BA}.net_4_5_Debug|x86.ActiveCfg = Debug|Any CPU
		{41AC479E-1EB2-4D23-AAF2-E4C8DF1BC2BA}.net_4_5_Release|Any CPU.ActiveCfg = Release|Any CPU
		{41AC479E-1EB2-4D23-AAF2-E4C8DF1BC2BA}.net_4_5_Release|Any CPU.Build.0 = Release|Any CPU
		{41AC479E-1EB2-4D23-AAF2-E4C8DF1BC2BA}.net_4_5_Release|ARM.ActiveCfg = Release|Any CPU
		{41AC479E-1EB2-4D23-AAF2-E4C8DF1BC2BA}.net_4_5_Release|Mixed Platforms.ActiveCfg = Release|Any CPU
		{41AC479E-1EB2-4D23-AAF2-E4C8DF1BC2BA}.net_4_5_Release|Mixed Platforms.Build.0 = Release|Any CPU
		{41AC479E-1EB2-4D23-AAF2-E4C8DF1BC2BA}.net_4_5_Release|x64.ActiveCfg = Release|Any CPU
		{41AC479E-1EB2-4D23-AAF2-E4C8DF1BC2BA}.net_4_5_Release|x86.ActiveCfg = Release|Any CPU
		{41AC479E-1EB2-4D23-AAF2-E4C8DF1BC2BA}.Production|Any CPU.ActiveCfg = Profiling|Any CPU
		{41AC479E-1EB2-4D23-AAF2-E4C8DF1BC2BA}.Production|ARM.ActiveCfg = Profiling|Any CPU
		{41AC479E-1EB2-4D23-AAF2-E4C8DF1BC2BA}.Production|Mixed Platforms.ActiveCfg = Profiling|Any CPU
		{41AC479E-1EB2-4D23-AAF2-E4C8DF1BC2BA}.Production|x64.ActiveCfg = Profiling|Any CPU
		{41AC479E-1EB2-4D23-AAF2-E4C8DF1BC2BA}.Production|x86.ActiveCfg = Profiling|Any CPU
		{41AC479E-1EB2-4D23-AAF2-E4C8DF1BC2BA}.Profiling|Any CPU.ActiveCfg = Profiling|Any CPU
		{41AC479E-1EB2-4D23-AAF2-E4C8DF1BC2BA}.Profiling|Any CPU.Build.0 = Profiling|Any CPU
		{41AC479E-1EB2-4D23-AAF2-E4C8DF1BC2BA}.Profiling|ARM.ActiveCfg = Profiling|Any CPU
		{41AC479E-1EB2-4D23-AAF2-E4C8DF1BC2BA}.Profiling|Mixed Platforms.ActiveCfg = Profiling|Any CPU
		{41AC479E-1EB2-4D23-AAF2-E4C8DF1BC2BA}.Profiling|Mixed Platforms.Build.0 = Profiling|Any CPU
		{41AC479E-1EB2-4D23-AAF2-E4C8DF1BC2BA}.Profiling|x64.ActiveCfg = Profiling|Any CPU
		{41AC479E-1EB2-4D23-AAF2-E4C8DF1BC2BA}.Profiling|x86.ActiveCfg = Profiling|Any CPU
		{41AC479E-1EB2-4D23-AAF2-E4C8DF1BC2BA}.Release|Any CPU.ActiveCfg = Release|Any CPU
		{41AC479E-1EB2-4D23-AAF2-E4C8DF1BC2BA}.Release|Any CPU.Build.0 = Release|Any CPU
		{41AC479E-1EB2-4D23-AAF2-E4C8DF1BC2BA}.Release|ARM.ActiveCfg = Release|Any CPU
		{41AC479E-1EB2-4D23-AAF2-E4C8DF1BC2BA}.Release|Mixed Platforms.ActiveCfg = Release|Any CPU
		{41AC479E-1EB2-4D23-AAF2-E4C8DF1BC2BA}.Release|Mixed Platforms.Build.0 = Release|Any CPU
		{41AC479E-1EB2-4D23-AAF2-E4C8DF1BC2BA}.Release|x64.ActiveCfg = Release|Any CPU
		{41AC479E-1EB2-4D23-AAF2-E4C8DF1BC2BA}.Release|x86.ActiveCfg = Release|Any CPU
		{41AC479E-1EB2-4D23-AAF2-E4C8DF1BC2BA}.silverlight_Debug|Any CPU.ActiveCfg = Debug|Any CPU
		{41AC479E-1EB2-4D23-AAF2-E4C8DF1BC2BA}.silverlight_Debug|Any CPU.Build.0 = Debug|Any CPU
		{41AC479E-1EB2-4D23-AAF2-E4C8DF1BC2BA}.silverlight_Debug|ARM.ActiveCfg = Debug|Any CPU
		{41AC479E-1EB2-4D23-AAF2-E4C8DF1BC2BA}.silverlight_Debug|Mixed Platforms.ActiveCfg = Debug|Any CPU
		{41AC479E-1EB2-4D23-AAF2-E4C8DF1BC2BA}.silverlight_Debug|Mixed Platforms.Build.0 = Debug|Any CPU
		{41AC479E-1EB2-4D23-AAF2-E4C8DF1BC2BA}.silverlight_Debug|x64.ActiveCfg = Debug|Any CPU
		{41AC479E-1EB2-4D23-AAF2-E4C8DF1BC2BA}.silverlight_Debug|x86.ActiveCfg = Debug|Any CPU
		{41AC479E-1EB2-4D23-AAF2-E4C8DF1BC2BA}.silverlight_Release|Any CPU.ActiveCfg = Release|Any CPU
		{41AC479E-1EB2-4D23-AAF2-E4C8DF1BC2BA}.silverlight_Release|Any CPU.Build.0 = Release|Any CPU
		{41AC479E-1EB2-4D23-AAF2-E4C8DF1BC2BA}.silverlight_Release|ARM.ActiveCfg = Release|Any CPU
		{41AC479E-1EB2-4D23-AAF2-E4C8DF1BC2BA}.silverlight_Release|Mixed Platforms.ActiveCfg = Release|Any CPU
		{41AC479E-1EB2-4D23-AAF2-E4C8DF1BC2BA}.silverlight_Release|Mixed Platforms.Build.0 = Release|Any CPU
		{41AC479E-1EB2-4D23-AAF2-E4C8DF1BC2BA}.silverlight_Release|x64.ActiveCfg = Release|Any CPU
		{41AC479E-1EB2-4D23-AAF2-E4C8DF1BC2BA}.silverlight_Release|x86.ActiveCfg = Release|Any CPU
		{41AC479E-1EB2-4D23-AAF2-E4C8DF1BC2BA}.Staging|Any CPU.ActiveCfg = Profiling|Any CPU
		{41AC479E-1EB2-4D23-AAF2-E4C8DF1BC2BA}.Staging|ARM.ActiveCfg = Profiling|Any CPU
		{41AC479E-1EB2-4D23-AAF2-E4C8DF1BC2BA}.Staging|Mixed Platforms.ActiveCfg = Profiling|Any CPU
		{41AC479E-1EB2-4D23-AAF2-E4C8DF1BC2BA}.Staging|x64.ActiveCfg = Profiling|Any CPU
		{41AC479E-1EB2-4D23-AAF2-E4C8DF1BC2BA}.Staging|x86.ActiveCfg = Profiling|Any CPU
		{41AC479E-1EB2-4D23-AAF2-E4C8DF1BC2BA}.winphone_Debug|Any CPU.ActiveCfg = Debug|Any CPU
		{41AC479E-1EB2-4D23-AAF2-E4C8DF1BC2BA}.winphone_Debug|Any CPU.Build.0 = Debug|Any CPU
		{41AC479E-1EB2-4D23-AAF2-E4C8DF1BC2BA}.winphone_Debug|ARM.ActiveCfg = Debug|Any CPU
		{41AC479E-1EB2-4D23-AAF2-E4C8DF1BC2BA}.winphone_Debug|Mixed Platforms.ActiveCfg = Debug|Any CPU
		{41AC479E-1EB2-4D23-AAF2-E4C8DF1BC2BA}.winphone_Debug|Mixed Platforms.Build.0 = Debug|Any CPU
		{41AC479E-1EB2-4D23-AAF2-E4C8DF1BC2BA}.winphone_Debug|x64.ActiveCfg = Debug|Any CPU
		{41AC479E-1EB2-4D23-AAF2-E4C8DF1BC2BA}.winphone_Debug|x86.ActiveCfg = Debug|Any CPU
		{41AC479E-1EB2-4D23-AAF2-E4C8DF1BC2BA}.winphone_Release|Any CPU.ActiveCfg = Release|Any CPU
		{41AC479E-1EB2-4D23-AAF2-E4C8DF1BC2BA}.winphone_Release|Any CPU.Build.0 = Release|Any CPU
		{41AC479E-1EB2-4D23-AAF2-E4C8DF1BC2BA}.winphone_Release|ARM.ActiveCfg = Release|Any CPU
		{41AC479E-1EB2-4D23-AAF2-E4C8DF1BC2BA}.winphone_Release|Mixed Platforms.ActiveCfg = Release|Any CPU
		{41AC479E-1EB2-4D23-AAF2-E4C8DF1BC2BA}.winphone_Release|Mixed Platforms.Build.0 = Release|Any CPU
		{41AC479E-1EB2-4D23-AAF2-E4C8DF1BC2BA}.winphone_Release|x64.ActiveCfg = Release|Any CPU
		{41AC479E-1EB2-4D23-AAF2-E4C8DF1BC2BA}.winphone_Release|x86.ActiveCfg = Release|Any CPU
		{FF83C7C2-BC7B-4DCC-A782-49EF9BBD9390}.Azure-Debug|Any CPU.ActiveCfg = Debug|Any CPU
		{FF83C7C2-BC7B-4DCC-A782-49EF9BBD9390}.Azure-Debug|ARM.ActiveCfg = Debug|Any CPU
		{FF83C7C2-BC7B-4DCC-A782-49EF9BBD9390}.Azure-Debug|Mixed Platforms.ActiveCfg = Debug|Any CPU
		{FF83C7C2-BC7B-4DCC-A782-49EF9BBD9390}.Azure-Debug|x64.ActiveCfg = Debug|Any CPU
		{FF83C7C2-BC7B-4DCC-A782-49EF9BBD9390}.Azure-Debug|x86.ActiveCfg = Debug|Any CPU
		{FF83C7C2-BC7B-4DCC-A782-49EF9BBD9390}.Azure-Deployment|Any CPU.ActiveCfg = Profiling|Any CPU
		{FF83C7C2-BC7B-4DCC-A782-49EF9BBD9390}.Azure-Deployment|ARM.ActiveCfg = Profiling|Any CPU
		{FF83C7C2-BC7B-4DCC-A782-49EF9BBD9390}.Azure-Deployment|Mixed Platforms.ActiveCfg = Profiling|Any CPU
		{FF83C7C2-BC7B-4DCC-A782-49EF9BBD9390}.Azure-Deployment|x64.ActiveCfg = Profiling|Any CPU
		{FF83C7C2-BC7B-4DCC-A782-49EF9BBD9390}.Azure-Deployment|x86.ActiveCfg = Profiling|Any CPU
		{FF83C7C2-BC7B-4DCC-A782-49EF9BBD9390}.Azure-Release|Any CPU.ActiveCfg = Release|Any CPU
		{FF83C7C2-BC7B-4DCC-A782-49EF9BBD9390}.Azure-Release|ARM.ActiveCfg = Release|Any CPU
		{FF83C7C2-BC7B-4DCC-A782-49EF9BBD9390}.Azure-Release|Mixed Platforms.ActiveCfg = Release|Any CPU
		{FF83C7C2-BC7B-4DCC-A782-49EF9BBD9390}.Azure-Release|x64.ActiveCfg = Release|Any CPU
		{FF83C7C2-BC7B-4DCC-A782-49EF9BBD9390}.Azure-Release|x86.ActiveCfg = Release|Any CPU
		{FF83C7C2-BC7B-4DCC-A782-49EF9BBD9390}.Debug|Any CPU.ActiveCfg = Debug|Any CPU
		{FF83C7C2-BC7B-4DCC-A782-49EF9BBD9390}.Debug|Any CPU.Build.0 = Debug|Any CPU
		{FF83C7C2-BC7B-4DCC-A782-49EF9BBD9390}.Debug|ARM.ActiveCfg = Debug|Any CPU
		{FF83C7C2-BC7B-4DCC-A782-49EF9BBD9390}.Debug|Mixed Platforms.ActiveCfg = Debug|Any CPU
		{FF83C7C2-BC7B-4DCC-A782-49EF9BBD9390}.Debug|Mixed Platforms.Build.0 = Debug|Any CPU
		{FF83C7C2-BC7B-4DCC-A782-49EF9BBD9390}.Debug|x64.ActiveCfg = Debug|Any CPU
		{FF83C7C2-BC7B-4DCC-A782-49EF9BBD9390}.Debug|x86.ActiveCfg = Debug|Any CPU
		{FF83C7C2-BC7B-4DCC-A782-49EF9BBD9390}.Local-Debug|Any CPU.ActiveCfg = Debug|Any CPU
		{FF83C7C2-BC7B-4DCC-A782-49EF9BBD9390}.Local-Debug|ARM.ActiveCfg = Debug|Any CPU
		{FF83C7C2-BC7B-4DCC-A782-49EF9BBD9390}.Local-Debug|Mixed Platforms.ActiveCfg = Debug|Any CPU
		{FF83C7C2-BC7B-4DCC-A782-49EF9BBD9390}.Local-Debug|x64.ActiveCfg = Debug|Any CPU
		{FF83C7C2-BC7B-4DCC-A782-49EF9BBD9390}.Local-Debug|x86.ActiveCfg = Debug|Any CPU
		{FF83C7C2-BC7B-4DCC-A782-49EF9BBD9390}.Local-Performance|Any CPU.ActiveCfg = Profiling|Any CPU
		{FF83C7C2-BC7B-4DCC-A782-49EF9BBD9390}.Local-Performance|ARM.ActiveCfg = Profiling|Any CPU
		{FF83C7C2-BC7B-4DCC-A782-49EF9BBD9390}.Local-Performance|Mixed Platforms.ActiveCfg = Profiling|Any CPU
		{FF83C7C2-BC7B-4DCC-A782-49EF9BBD9390}.Local-Performance|x64.ActiveCfg = Profiling|Any CPU
		{FF83C7C2-BC7B-4DCC-A782-49EF9BBD9390}.Local-Performance|x86.ActiveCfg = Profiling|Any CPU
		{FF83C7C2-BC7B-4DCC-A782-49EF9BBD9390}.Local-Release|Any CPU.ActiveCfg = Release|Any CPU
		{FF83C7C2-BC7B-4DCC-A782-49EF9BBD9390}.Local-Release|ARM.ActiveCfg = Release|Any CPU
		{FF83C7C2-BC7B-4DCC-A782-49EF9BBD9390}.Local-Release|Mixed Platforms.ActiveCfg = Release|Any CPU
		{FF83C7C2-BC7B-4DCC-A782-49EF9BBD9390}.Local-Release|x64.ActiveCfg = Release|Any CPU
		{FF83C7C2-BC7B-4DCC-A782-49EF9BBD9390}.Local-Release|x86.ActiveCfg = Release|Any CPU
		{FF83C7C2-BC7B-4DCC-A782-49EF9BBD9390}.Mono|Any CPU.ActiveCfg = Profiling|Any CPU
		{FF83C7C2-BC7B-4DCC-A782-49EF9BBD9390}.Mono|ARM.ActiveCfg = Profiling|Any CPU
		{FF83C7C2-BC7B-4DCC-A782-49EF9BBD9390}.Mono|Mixed Platforms.ActiveCfg = Profiling|Any CPU
		{FF83C7C2-BC7B-4DCC-A782-49EF9BBD9390}.Mono|x64.ActiveCfg = Profiling|Any CPU
		{FF83C7C2-BC7B-4DCC-A782-49EF9BBD9390}.Mono|x86.ActiveCfg = Profiling|Any CPU
		{FF83C7C2-BC7B-4DCC-A782-49EF9BBD9390}.net_2_0_Debug|Any CPU.ActiveCfg = Debug|Any CPU
		{FF83C7C2-BC7B-4DCC-A782-49EF9BBD9390}.net_2_0_Debug|Any CPU.Build.0 = Debug|Any CPU
		{FF83C7C2-BC7B-4DCC-A782-49EF9BBD9390}.net_2_0_Debug|ARM.ActiveCfg = Debug|Any CPU
		{FF83C7C2-BC7B-4DCC-A782-49EF9BBD9390}.net_2_0_Debug|Mixed Platforms.ActiveCfg = Debug|Any CPU
		{FF83C7C2-BC7B-4DCC-A782-49EF9BBD9390}.net_2_0_Debug|Mixed Platforms.Build.0 = Debug|Any CPU
		{FF83C7C2-BC7B-4DCC-A782-49EF9BBD9390}.net_2_0_Debug|x64.ActiveCfg = Debug|Any CPU
		{FF83C7C2-BC7B-4DCC-A782-49EF9BBD9390}.net_2_0_Debug|x86.ActiveCfg = Debug|Any CPU
		{FF83C7C2-BC7B-4DCC-A782-49EF9BBD9390}.net_2_0_Release|Any CPU.ActiveCfg = Release|Any CPU
		{FF83C7C2-BC7B-4DCC-A782-49EF9BBD9390}.net_2_0_Release|Any CPU.Build.0 = Release|Any CPU
		{FF83C7C2-BC7B-4DCC-A782-49EF9BBD9390}.net_2_0_Release|ARM.ActiveCfg = Release|Any CPU
		{FF83C7C2-BC7B-4DCC-A782-49EF9BBD9390}.net_2_0_Release|Mixed Platforms.ActiveCfg = Release|Any CPU
		{FF83C7C2-BC7B-4DCC-A782-49EF9BBD9390}.net_2_0_Release|Mixed Platforms.Build.0 = Release|Any CPU
		{FF83C7C2-BC7B-4DCC-A782-49EF9BBD9390}.net_2_0_Release|x64.ActiveCfg = Release|Any CPU
		{FF83C7C2-BC7B-4DCC-A782-49EF9BBD9390}.net_2_0_Release|x86.ActiveCfg = Release|Any CPU
		{FF83C7C2-BC7B-4DCC-A782-49EF9BBD9390}.net_3_5_Debug|Any CPU.ActiveCfg = Debug|Any CPU
		{FF83C7C2-BC7B-4DCC-A782-49EF9BBD9390}.net_3_5_Debug|Any CPU.Build.0 = Debug|Any CPU
		{FF83C7C2-BC7B-4DCC-A782-49EF9BBD9390}.net_3_5_Debug|ARM.ActiveCfg = Debug|Any CPU
		{FF83C7C2-BC7B-4DCC-A782-49EF9BBD9390}.net_3_5_Debug|Mixed Platforms.ActiveCfg = Debug|Any CPU
		{FF83C7C2-BC7B-4DCC-A782-49EF9BBD9390}.net_3_5_Debug|Mixed Platforms.Build.0 = Debug|Any CPU
		{FF83C7C2-BC7B-4DCC-A782-49EF9BBD9390}.net_3_5_Debug|x64.ActiveCfg = Debug|Any CPU
		{FF83C7C2-BC7B-4DCC-A782-49EF9BBD9390}.net_3_5_Debug|x86.ActiveCfg = Debug|Any CPU
		{FF83C7C2-BC7B-4DCC-A782-49EF9BBD9390}.net_3_5_Release|Any CPU.ActiveCfg = Release|Any CPU
		{FF83C7C2-BC7B-4DCC-A782-49EF9BBD9390}.net_3_5_Release|Any CPU.Build.0 = Release|Any CPU
		{FF83C7C2-BC7B-4DCC-A782-49EF9BBD9390}.net_3_5_Release|ARM.ActiveCfg = Release|Any CPU
		{FF83C7C2-BC7B-4DCC-A782-49EF9BBD9390}.net_3_5_Release|Mixed Platforms.ActiveCfg = Release|Any CPU
		{FF83C7C2-BC7B-4DCC-A782-49EF9BBD9390}.net_3_5_Release|Mixed Platforms.Build.0 = Release|Any CPU
		{FF83C7C2-BC7B-4DCC-A782-49EF9BBD9390}.net_3_5_Release|x64.ActiveCfg = Release|Any CPU
		{FF83C7C2-BC7B-4DCC-A782-49EF9BBD9390}.net_3_5_Release|x86.ActiveCfg = Release|Any CPU
		{FF83C7C2-BC7B-4DCC-A782-49EF9BBD9390}.net_4_0_Debug|Any CPU.ActiveCfg = Debug|Any CPU
		{FF83C7C2-BC7B-4DCC-A782-49EF9BBD9390}.net_4_0_Debug|Any CPU.Build.0 = Debug|Any CPU
		{FF83C7C2-BC7B-4DCC-A782-49EF9BBD9390}.net_4_0_Debug|ARM.ActiveCfg = Debug|Any CPU
		{FF83C7C2-BC7B-4DCC-A782-49EF9BBD9390}.net_4_0_Debug|Mixed Platforms.ActiveCfg = Debug|Any CPU
		{FF83C7C2-BC7B-4DCC-A782-49EF9BBD9390}.net_4_0_Debug|Mixed Platforms.Build.0 = Debug|Any CPU
		{FF83C7C2-BC7B-4DCC-A782-49EF9BBD9390}.net_4_0_Debug|x64.ActiveCfg = Debug|Any CPU
		{FF83C7C2-BC7B-4DCC-A782-49EF9BBD9390}.net_4_0_Debug|x86.ActiveCfg = Debug|Any CPU
		{FF83C7C2-BC7B-4DCC-A782-49EF9BBD9390}.net_4_0_Release|Any CPU.ActiveCfg = Release|Any CPU
		{FF83C7C2-BC7B-4DCC-A782-49EF9BBD9390}.net_4_0_Release|Any CPU.Build.0 = Release|Any CPU
		{FF83C7C2-BC7B-4DCC-A782-49EF9BBD9390}.net_4_0_Release|ARM.ActiveCfg = Release|Any CPU
		{FF83C7C2-BC7B-4DCC-A782-49EF9BBD9390}.net_4_0_Release|Mixed Platforms.ActiveCfg = Release|Any CPU
		{FF83C7C2-BC7B-4DCC-A782-49EF9BBD9390}.net_4_0_Release|Mixed Platforms.Build.0 = Release|Any CPU
		{FF83C7C2-BC7B-4DCC-A782-49EF9BBD9390}.net_4_0_Release|x64.ActiveCfg = Release|Any CPU
		{FF83C7C2-BC7B-4DCC-A782-49EF9BBD9390}.net_4_0_Release|x86.ActiveCfg = Release|Any CPU
		{FF83C7C2-BC7B-4DCC-A782-49EF9BBD9390}.net_4_5_Debug|Any CPU.ActiveCfg = Debug|Any CPU
		{FF83C7C2-BC7B-4DCC-A782-49EF9BBD9390}.net_4_5_Debug|Any CPU.Build.0 = Debug|Any CPU
		{FF83C7C2-BC7B-4DCC-A782-49EF9BBD9390}.net_4_5_Debug|ARM.ActiveCfg = Debug|Any CPU
		{FF83C7C2-BC7B-4DCC-A782-49EF9BBD9390}.net_4_5_Debug|Mixed Platforms.ActiveCfg = Debug|Any CPU
		{FF83C7C2-BC7B-4DCC-A782-49EF9BBD9390}.net_4_5_Debug|Mixed Platforms.Build.0 = Debug|Any CPU
		{FF83C7C2-BC7B-4DCC-A782-49EF9BBD9390}.net_4_5_Debug|x64.ActiveCfg = Debug|Any CPU
		{FF83C7C2-BC7B-4DCC-A782-49EF9BBD9390}.net_4_5_Debug|x86.ActiveCfg = Debug|Any CPU
		{FF83C7C2-BC7B-4DCC-A782-49EF9BBD9390}.net_4_5_Release|Any CPU.ActiveCfg = Release|Any CPU
		{FF83C7C2-BC7B-4DCC-A782-49EF9BBD9390}.net_4_5_Release|Any CPU.Build.0 = Release|Any CPU
		{FF83C7C2-BC7B-4DCC-A782-49EF9BBD9390}.net_4_5_Release|ARM.ActiveCfg = Release|Any CPU
		{FF83C7C2-BC7B-4DCC-A782-49EF9BBD9390}.net_4_5_Release|Mixed Platforms.ActiveCfg = Release|Any CPU
		{FF83C7C2-BC7B-4DCC-A782-49EF9BBD9390}.net_4_5_Release|Mixed Platforms.Build.0 = Release|Any CPU
		{FF83C7C2-BC7B-4DCC-A782-49EF9BBD9390}.net_4_5_Release|x64.ActiveCfg = Release|Any CPU
		{FF83C7C2-BC7B-4DCC-A782-49EF9BBD9390}.net_4_5_Release|x86.ActiveCfg = Release|Any CPU
		{FF83C7C2-BC7B-4DCC-A782-49EF9BBD9390}.Production|Any CPU.ActiveCfg = Profiling|Any CPU
		{FF83C7C2-BC7B-4DCC-A782-49EF9BBD9390}.Production|ARM.ActiveCfg = Profiling|Any CPU
		{FF83C7C2-BC7B-4DCC-A782-49EF9BBD9390}.Production|Mixed Platforms.ActiveCfg = Profiling|Any CPU
		{FF83C7C2-BC7B-4DCC-A782-49EF9BBD9390}.Production|x64.ActiveCfg = Profiling|Any CPU
		{FF83C7C2-BC7B-4DCC-A782-49EF9BBD9390}.Production|x86.ActiveCfg = Profiling|Any CPU
		{FF83C7C2-BC7B-4DCC-A782-49EF9BBD9390}.Profiling|Any CPU.ActiveCfg = Profiling|Any CPU
		{FF83C7C2-BC7B-4DCC-A782-49EF9BBD9390}.Profiling|Any CPU.Build.0 = Profiling|Any CPU
		{FF83C7C2-BC7B-4DCC-A782-49EF9BBD9390}.Profiling|ARM.ActiveCfg = Profiling|Any CPU
		{FF83C7C2-BC7B-4DCC-A782-49EF9BBD9390}.Profiling|Mixed Platforms.ActiveCfg = Profiling|Any CPU
		{FF83C7C2-BC7B-4DCC-A782-49EF9BBD9390}.Profiling|Mixed Platforms.Build.0 = Profiling|Any CPU
		{FF83C7C2-BC7B-4DCC-A782-49EF9BBD9390}.Profiling|x64.ActiveCfg = Profiling|Any CPU
		{FF83C7C2-BC7B-4DCC-A782-49EF9BBD9390}.Profiling|x86.ActiveCfg = Profiling|Any CPU
		{FF83C7C2-BC7B-4DCC-A782-49EF9BBD9390}.Release|Any CPU.ActiveCfg = Release|Any CPU
		{FF83C7C2-BC7B-4DCC-A782-49EF9BBD9390}.Release|Any CPU.Build.0 = Release|Any CPU
		{FF83C7C2-BC7B-4DCC-A782-49EF9BBD9390}.Release|ARM.ActiveCfg = Release|Any CPU
		{FF83C7C2-BC7B-4DCC-A782-49EF9BBD9390}.Release|Mixed Platforms.ActiveCfg = Release|Any CPU
		{FF83C7C2-BC7B-4DCC-A782-49EF9BBD9390}.Release|Mixed Platforms.Build.0 = Release|Any CPU
		{FF83C7C2-BC7B-4DCC-A782-49EF9BBD9390}.Release|x64.ActiveCfg = Release|Any CPU
		{FF83C7C2-BC7B-4DCC-A782-49EF9BBD9390}.Release|x86.ActiveCfg = Release|Any CPU
		{FF83C7C2-BC7B-4DCC-A782-49EF9BBD9390}.silverlight_Debug|Any CPU.ActiveCfg = Debug|Any CPU
		{FF83C7C2-BC7B-4DCC-A782-49EF9BBD9390}.silverlight_Debug|Any CPU.Build.0 = Debug|Any CPU
		{FF83C7C2-BC7B-4DCC-A782-49EF9BBD9390}.silverlight_Debug|ARM.ActiveCfg = Debug|Any CPU
		{FF83C7C2-BC7B-4DCC-A782-49EF9BBD9390}.silverlight_Debug|Mixed Platforms.ActiveCfg = Debug|Any CPU
		{FF83C7C2-BC7B-4DCC-A782-49EF9BBD9390}.silverlight_Debug|Mixed Platforms.Build.0 = Debug|Any CPU
		{FF83C7C2-BC7B-4DCC-A782-49EF9BBD9390}.silverlight_Debug|x64.ActiveCfg = Debug|Any CPU
		{FF83C7C2-BC7B-4DCC-A782-49EF9BBD9390}.silverlight_Debug|x86.ActiveCfg = Debug|Any CPU
		{FF83C7C2-BC7B-4DCC-A782-49EF9BBD9390}.silverlight_Release|Any CPU.ActiveCfg = Release|Any CPU
		{FF83C7C2-BC7B-4DCC-A782-49EF9BBD9390}.silverlight_Release|Any CPU.Build.0 = Release|Any CPU
		{FF83C7C2-BC7B-4DCC-A782-49EF9BBD9390}.silverlight_Release|ARM.ActiveCfg = Release|Any CPU
		{FF83C7C2-BC7B-4DCC-A782-49EF9BBD9390}.silverlight_Release|Mixed Platforms.ActiveCfg = Release|Any CPU
		{FF83C7C2-BC7B-4DCC-A782-49EF9BBD9390}.silverlight_Release|Mixed Platforms.Build.0 = Release|Any CPU
		{FF83C7C2-BC7B-4DCC-A782-49EF9BBD9390}.silverlight_Release|x64.ActiveCfg = Release|Any CPU
		{FF83C7C2-BC7B-4DCC-A782-49EF9BBD9390}.silverlight_Release|x86.ActiveCfg = Release|Any CPU
		{FF83C7C2-BC7B-4DCC-A782-49EF9BBD9390}.Staging|Any CPU.ActiveCfg = Profiling|Any CPU
		{FF83C7C2-BC7B-4DCC-A782-49EF9BBD9390}.Staging|ARM.ActiveCfg = Profiling|Any CPU
		{FF83C7C2-BC7B-4DCC-A782-49EF9BBD9390}.Staging|Mixed Platforms.ActiveCfg = Profiling|Any CPU
		{FF83C7C2-BC7B-4DCC-A782-49EF9BBD9390}.Staging|x64.ActiveCfg = Profiling|Any CPU
		{FF83C7C2-BC7B-4DCC-A782-49EF9BBD9390}.Staging|x86.ActiveCfg = Profiling|Any CPU
		{FF83C7C2-BC7B-4DCC-A782-49EF9BBD9390}.winphone_Debug|Any CPU.ActiveCfg = Debug|Any CPU
		{FF83C7C2-BC7B-4DCC-A782-49EF9BBD9390}.winphone_Debug|Any CPU.Build.0 = Debug|Any CPU
		{FF83C7C2-BC7B-4DCC-A782-49EF9BBD9390}.winphone_Debug|ARM.ActiveCfg = Debug|Any CPU
		{FF83C7C2-BC7B-4DCC-A782-49EF9BBD9390}.winphone_Debug|Mixed Platforms.ActiveCfg = Debug|Any CPU
		{FF83C7C2-BC7B-4DCC-A782-49EF9BBD9390}.winphone_Debug|Mixed Platforms.Build.0 = Debug|Any CPU
		{FF83C7C2-BC7B-4DCC-A782-49EF9BBD9390}.winphone_Debug|x64.ActiveCfg = Debug|Any CPU
		{FF83C7C2-BC7B-4DCC-A782-49EF9BBD9390}.winphone_Debug|x86.ActiveCfg = Debug|Any CPU
		{FF83C7C2-BC7B-4DCC-A782-49EF9BBD9390}.winphone_Release|Any CPU.ActiveCfg = Release|Any CPU
		{FF83C7C2-BC7B-4DCC-A782-49EF9BBD9390}.winphone_Release|Any CPU.Build.0 = Release|Any CPU
		{FF83C7C2-BC7B-4DCC-A782-49EF9BBD9390}.winphone_Release|ARM.ActiveCfg = Release|Any CPU
		{FF83C7C2-BC7B-4DCC-A782-49EF9BBD9390}.winphone_Release|Mixed Platforms.ActiveCfg = Release|Any CPU
		{FF83C7C2-BC7B-4DCC-A782-49EF9BBD9390}.winphone_Release|Mixed Platforms.Build.0 = Release|Any CPU
		{FF83C7C2-BC7B-4DCC-A782-49EF9BBD9390}.winphone_Release|x64.ActiveCfg = Release|Any CPU
		{FF83C7C2-BC7B-4DCC-A782-49EF9BBD9390}.winphone_Release|x86.ActiveCfg = Release|Any CPU
	EndGlobalSection
	GlobalSection(SolutionProperties) = preSolution
		HideSolutionNode = FALSE
	EndGlobalSection
	GlobalSection(NestedProjects) = preSolution
		{FF83C7C2-BC7B-4DCC-A782-49EF9BBD9390} = {B67A7937-6AE0-452B-824A-491E19E1710D}
	EndGlobalSection
	GlobalSection(CodealikeProperties) = postSolution
		SolutionGuid = 6944aade-3195-477c-8aed-9ebe2902fc57
	EndGlobalSection
EndGlobal
